
Microsoft Visual Studio Solution File, Format Version 12.00
# Visual Studio Version 17
VisualStudioVersion = 17.8.34330.188
MinimumVisualStudioVersion = 10.0.40219.1
Project("{9A19103F-16F7-4668-BE54-9A1E7A4F7556}") = "InternalPortal.Web", "src\InternalPortal.Web\InternalPortal.Web.csproj", "{CDCBE4C8-0E95-47A6-9357-005E91CF0FAF}"
EndProject
Project("{9A19103F-16F7-4668-BE54-9A1E7A4F7556}") = "InternalPortal.Core", "src\InternalPortal.Core\InternalPortal.Core.csproj", "{1F162E08-29A0-41C7-A186-49E3E510B86A}"
EndProject
Project("{9A19103F-16F7-4668-BE54-9A1E7A4F7556}") = "InternalPortal.Infrastructure", "src\InternalPortal.Infrastructure\InternalPortal.Infrastructure.csproj", "{87E95885-A92F-4FA9-A252-7E5CCAB2ACE3}"
EndProject
Global
	GlobalSection(SolutionConfigurationPlatforms) = preSolution
		Debug|Any CPU = Debug|Any CPU
		Release|Any CPU = Release|Any CPU
	EndGlobalSection
	GlobalSection(ProjectConfigurationPlatforms) = postSolution
		{CDCBE4C8-0E95-47A6-9357-005E91CF0FAF}.Debug|Any CPU.ActiveCfg = Debug|Any CPU
		{CDCBE4C8-0E95-47A6-9357-005E91CF0FAF}.Debug|Any CPU.Build.0 = Debug|Any CPU
		{CDCBE4C8-0E95-47A6-9357-005E91CF0FAF}.Release|Any CPU.ActiveCfg = Release|Any CPU
		{CDCBE4C8-0E95-47A6-9357-005E91CF0FAF}.Release|Any CPU.Build.0 = Release|Any CPU
		{1F162E08-29A0-41C7-A186-49E3E510B86A}.Debug|Any CPU.ActiveCfg = Debug|Any CPU
		{1F162E08-29A0-41C7-A186-49E3E510B86A}.Debug|Any CPU.Build.0 = Debug|Any CPU
		{1F162E08-29A0-41C7-A186-49E3E510B86A}.Release|Any CPU.ActiveCfg = Release|Any CPU
		{1F162E08-29A0-41C7-A186-49E3E510B86A}.Release|Any CPU.Build.0 = Release|Any CPU
		{87E95885-A92F-4FA9-A252-7E5CCAB2ACE3}.Debug|Any CPU.ActiveCfg = Debug|Any CPU
		{87E95885-A92F-4FA9-A252-7E5CCAB2ACE3}.Debug|Any CPU.Build.0 = Debug|Any CPU
		{87E95885-A92F-4FA9-A252-7E5CCAB2ACE3}.Release|Any CPU.ActiveCfg = Release|Any CPU
		{87E95885-A92F-4FA9-A252-7E5CCAB2ACE3}.Release|Any CPU.Build.0 = Release|Any CPU
	EndGlobalSection
	GlobalSection(SolutionProperties) = preSolution
		HideSolutionNode = FALSE
	EndGlobalSection
	GlobalSection(ExtensibilityGlobals) = postSolution
		SolutionGuid = {A780AF1D-1948-4030-93BA-1056333840B9}
	EndGlobalSection
EndGlobal
